{
  "name": "suzunaandshuhei",
  "version": "1.0.0",
  "lockfileVersion": 1,
  "requires": true,
  "dependencies": {
    "normalize.scss": {
      "version": "0.1.0",
      "resolved": "https://registry.npmjs.org/normalize.scss/-/normalize.scss-0.1.0.tgz",
      "integrity": "sha1-SiHcJb1MAZyFd4X4KbZYq6Ko+as="
    },
    "vivus": {
      "version": "0.4.2",
      "resolved": "https://registry.npmjs.org/vivus/-/vivus-0.4.2.tgz",
      "integrity": "sha1-XRQkN8R2lSWDJNaRUSt0ehrUPwU="
    },
    "vue": {
      "version": "2.4.2",
      "resolved": "https://registry.npmjs.org/vue/-/vue-2.4.2.tgz",
      "integrity": "sha512-GB5r+CsrCHIB1PoXt4wgBienjF3WGYOIaTK27tDk96sZxpL5RwRrsi9I3ECwFt8x8qAmxT2xk1vsY2Vpcn9nIw=="
    }
  }
}
